
Microsoft Visual Studio Solution File, Format Version 12.00
# Visual Studio Version 16
VisualStudioVersion = 16.0.30011.22
MinimumVisualStudioVersion = 10.0.40219.1
Project("{8BC9CEB8-8B4A-11D0-8D11-00A0C91BC942}") = "21_perVertex_perFragment on Sphere", "21_perVertex_perFragment on Sphere.vcxproj", "{4AA5088D-18DD-4652-89FE-541B89EDEF8F}"
EndProject
Global
	GlobalSection(SolutionConfigurationPlatforms) = preSolution
		Debug|x64 = Debug|x64
		Debug|x86 = Debug|x86
		Release|x64 = Release|x64
		Release|x86 = Release|x86
	EndGlobalSection
	GlobalSection(ProjectConfigurationPlatforms) = postSolution
		{4AA5088D-18DD-4652-89FE-541B89EDEF8F}.Debug|x64.ActiveCfg = Debug|x64
		{4AA5088D-18DD-4652-89FE-541B89EDEF8F}.Debug|x64.Build.0 = Debug|x64
		{4AA5088D-18DD-4652-89FE-541B89EDEF8F}.Debug|x86.ActiveCfg = Debug|Win32
		{4AA5088D-18DD-4652-89FE-541B89EDEF8F}.Debug|x86.Build.0 = Debug|Win32
		{4AA5088D-18DD-4652-89FE-541B89EDEF8F}.Release|x64.ActiveCfg = Release|x64
		{4AA5088D-18DD-4652-89FE-541B89EDEF8F}.Release|x64.Build.0 = Release|x64
		{4AA5088D-18DD-4652-89FE-541B89EDEF8F}.Release|x86.ActiveCfg = Release|Win32
		{4AA5088D-18DD-4652-89FE-541B89EDEF8F}.Release|x86.Build.0 = Release|Win32
	EndGlobalSection
	GlobalSection(SolutionProperties) = preSolution
		HideSolutionNode = FALSE
	EndGlobalSection
	GlobalSection(ExtensibilityGlobals) = postSolution
		SolutionGuid = {C0CC49B8-2AEA-4430-9F31-C4747560F252}
	EndGlobalSection
EndGlobal
