
Microsoft Visual Studio Solution File, Format Version 12.00
# Visual Studio Version 16
VisualStudioVersion = 16.0.30128.74
MinimumVisualStudioVersion = 10.0.40219.1
Project("{8BC9CEB8-8B4A-11D0-8D11-00A0C91BC942}") = "01_Circle", "01_Circle.vcxproj", "{64394880-2206-452E-8AFD-27BCDE07F5B9}"
EndProject
Global
	GlobalSection(SolutionConfigurationPlatforms) = preSolution
		Debug|x64 = Debug|x64
		Debug|x86 = Debug|x86
		Release|x64 = Release|x64
		Release|x86 = Release|x86
	EndGlobalSection
	GlobalSection(ProjectConfigurationPlatforms) = postSolution
		{64394880-2206-452E-8AFD-27BCDE07F5B9}.Debug|x64.ActiveCfg = Debug|x64
		{64394880-2206-452E-8AFD-27BCDE07F5B9}.Debug|x64.Build.0 = Debug|x64
		{64394880-2206-452E-8AFD-27BCDE07F5B9}.Debug|x86.ActiveCfg = Debug|Win32
		{64394880-2206-452E-8AFD-27BCDE07F5B9}.Debug|x86.Build.0 = Debug|Win32
		{64394880-2206-452E-8AFD-27BCDE07F5B9}.Release|x64.ActiveCfg = Release|x64
		{64394880-2206-452E-8AFD-27BCDE07F5B9}.Release|x64.Build.0 = Release|x64
		{64394880-2206-452E-8AFD-27BCDE07F5B9}.Release|x86.ActiveCfg = Release|Win32
		{64394880-2206-452E-8AFD-27BCDE07F5B9}.Release|x86.Build.0 = Release|Win32
	EndGlobalSection
	GlobalSection(SolutionProperties) = preSolution
		HideSolutionNode = FALSE
	EndGlobalSection
	GlobalSection(ExtensibilityGlobals) = postSolution
		SolutionGuid = {115A8622-7DDE-4B32-BD08-0431D5769A93}
	EndGlobalSection
EndGlobal
