
Microsoft Visual Studio Solution File, Format Version 12.00
# Visual Studio Version 16
VisualStudioVersion = 16.0.30128.74
MinimumVisualStudioVersion = 10.0.40219.1
Project("{8BC9CEB8-8B4A-11D0-8D11-00A0C91BC942}") = "OpenGl_BlueScreen", "OpenGl_BlueScreen.vcxproj", "{CF05207B-F5BC-4158-BB7A-10A64C16AFD3}"
EndProject
Global
	GlobalSection(SolutionConfigurationPlatforms) = preSolution
		Debug|x64 = Debug|x64
		Debug|x86 = Debug|x86
		Release|x64 = Release|x64
		Release|x86 = Release|x86
	EndGlobalSection
	GlobalSection(ProjectConfigurationPlatforms) = postSolution
		{CF05207B-F5BC-4158-BB7A-10A64C16AFD3}.Debug|x64.ActiveCfg = Debug|x64
		{CF05207B-F5BC-4158-BB7A-10A64C16AFD3}.Debug|x64.Build.0 = Debug|x64
		{CF05207B-F5BC-4158-BB7A-10A64C16AFD3}.Debug|x86.ActiveCfg = Debug|Win32
		{CF05207B-F5BC-4158-BB7A-10A64C16AFD3}.Debug|x86.Build.0 = Debug|Win32
		{CF05207B-F5BC-4158-BB7A-10A64C16AFD3}.Release|x64.ActiveCfg = Release|x64
		{CF05207B-F5BC-4158-BB7A-10A64C16AFD3}.Release|x64.Build.0 = Release|x64
		{CF05207B-F5BC-4158-BB7A-10A64C16AFD3}.Release|x86.ActiveCfg = Release|Win32
		{CF05207B-F5BC-4158-BB7A-10A64C16AFD3}.Release|x86.Build.0 = Release|Win32
	EndGlobalSection
	GlobalSection(SolutionProperties) = preSolution
		HideSolutionNode = FALSE
	EndGlobalSection
	GlobalSection(ExtensibilityGlobals) = postSolution
		SolutionGuid = {49C1B3C8-2588-4403-87D8-95AA5F8FCD84}
	EndGlobalSection
EndGlobal
