
Microsoft Visual Studio Solution File, Format Version 12.00
# Visual Studio Version 16
VisualStudioVersion = 16.0.30804.86
MinimumVisualStudioVersion = 10.0.40219.1
Project("{8BC9CEB8-8B4A-11D0-8D11-00A0C91BC942}") = "09_2D_Rotation", "09_2D_Rotation.vcxproj", "{47CE197D-FF70-40FE-9B87-2F8FDFF19029}"
EndProject
Global
	GlobalSection(SolutionConfigurationPlatforms) = preSolution
		Debug|x64 = Debug|x64
		Debug|x86 = Debug|x86
		Release|x64 = Release|x64
		Release|x86 = Release|x86
	EndGlobalSection
	GlobalSection(ProjectConfigurationPlatforms) = postSolution
		{47CE197D-FF70-40FE-9B87-2F8FDFF19029}.Debug|x64.ActiveCfg = Debug|x64
		{47CE197D-FF70-40FE-9B87-2F8FDFF19029}.Debug|x64.Build.0 = Debug|x64
		{47CE197D-FF70-40FE-9B87-2F8FDFF19029}.Debug|x86.ActiveCfg = Debug|Win32
		{47CE197D-FF70-40FE-9B87-2F8FDFF19029}.Debug|x86.Build.0 = Debug|Win32
		{47CE197D-FF70-40FE-9B87-2F8FDFF19029}.Release|x64.ActiveCfg = Release|x64
		{47CE197D-FF70-40FE-9B87-2F8FDFF19029}.Release|x64.Build.0 = Release|x64
		{47CE197D-FF70-40FE-9B87-2F8FDFF19029}.Release|x86.ActiveCfg = Release|Win32
		{47CE197D-FF70-40FE-9B87-2F8FDFF19029}.Release|x86.Build.0 = Release|Win32
	EndGlobalSection
	GlobalSection(SolutionProperties) = preSolution
		HideSolutionNode = FALSE
	EndGlobalSection
	GlobalSection(ExtensibilityGlobals) = postSolution
		SolutionGuid = {1AC9ABD0-8FBC-48B9-AF74-7E2AA3A5BE99}
	EndGlobalSection
EndGlobal
